// !$*UTF8*$!
{
	archiveVersion = 1;
	classes = {
	};
	objectVersion = 77;
	objects = {

/* Begin PBXContainerItemProxy section */
		243DAEF52E78A63C00F39625 /* PBXContainerItemProxy */ = {
			isa = PBXContainerItemProxy;
			containerPortal = 243DAED62E78A63B00F39625 /* Project object */;
			proxyType = 1;
			remoteGlobalIDString = 243DAEDD2E78A63B00F39625;
			remoteInfo = SetUIKit;
		};
		243DAEFF2E78A63C00F39625 /* PBXContainerItemProxy */ = {
			isa = PBXContainerItemProxy;
			containerPortal = 243DAED62E78A63B00F39625 /* Project object */;
			proxyType = 1;
			remoteGlobalIDString = 243DAEDD2E78A63B00F39625;
			remoteInfo = SetUIKit;
		};
/* End PBXContainerItemProxy section */

/* Begin PBXFileReference section */
		243DAEDE2E78A63B00F39625 /* SetUIKit.app */ = {isa = PBXFileReference; explicitFileType = wrapper.application; includeInIndex = 0; path = SetUIKit.app; sourceTree = BUILT_PRODUCTS_DIR; };
		243DAEF42E78A63C00F39625 /* SetUIKitTests.xctest */ = {isa = PBXFileReference; explicitFileType = wrapper.cfbundle; includeInIndex = 0; path = SetUIKitTests.xctest; sourceTree = BUILT_PRODUCTS_DIR; };
		243DAEFE2E78A63C00F39625 /* SetUIKitUITests.xctest */ = {isa = PBXFileReference; explicitFileType = wrapper.cfbundle; includeInIndex = 0; path = SetUIKitUITests.xctest; sourceTree = BUILT_PRODUCTS_DIR; };
/* End PBXFileReference section */

/* Begin PBXFileSystemSynchronizedBuildFileExceptionSet section */
		243DAF062E78A63C00F39625 /* Exceptions for "SetUIKit" folder in "SetUIKit" target */ = {
			isa = PBXFileSystemSynchronizedBuildFileExceptionSet;
			membershipExceptions = (
				Info.plist,
			);
			target = 243DAEDD2E78A63B00F39625 /* SetUIKit */;
		};
/* End PBXFileSystemSynchronizedBuildFileExceptionSet section */

/* Begin PBXFileSystemSynchronizedRootGroup section */
		243DAEE02E78A63B00F39625 /* SetUIKit */ = {
			isa = PBXFileSystemSynchronizedRootGroup;
			exceptions = (
				243DAF062E78A63C00F39625 /* Exceptions for "SetUIKit" folder in "SetUIKit" target */,
			);
			path = SetUIKit;
			sourceTree = "<group>";
		};
		243DAEF72E78A63C00F39625 /* SetUIKitTests */ = {
			isa = PBXFileSystemSynchronizedRootGroup;
			path = SetUIKitTests;
			sourceTree = "<group>";
		};
		243DAF012E78A63C00F39625 /* SetUIKitUITests */ = {
			isa = PBXFileSystemSynchronizedRootGroup;
			path = SetUIKitUITests;
			sourceTree = "<group>";
		};
/* End PBXFileSystemSynchronizedRootGroup section */

/* Begin PBXFrameworksBuildPhase section */
		243DAEDB2E78A63B00F39625 /* Frameworks */ = {
			isa = PBXFrameworksBuildPhase;
			buildActionMask = 2147483647;
			files = (
			);
			runOnlyForDeploymentPostprocessing = 0;
		};
		243DAEF12E78A63C00F39625 /* Frameworks */ = {
			isa = PBXFrameworksBuildPhase;
			buildActionMask = 2147483647;
			files = (
			);
			runOnlyForDeploymentPostprocessing = 0;
		};
		243DAEFB2E78A63C00F39625 /* Frameworks */ = {
			isa = PBXFrameworksBuildPhase;
			buildActionMask = 2147483647;
			files = (
			);
			runOnlyForDeploymentPostprocessing = 0;
		};
/* End PBXFrameworksBuildPhase section */

/* Begin PBXGroup section */
		243DAED52E78A63B00F39625 = {
			isa = PBXGroup;
			children = (
				243DAEE02E78A63B00F39625 /* SetUIKit */,
				243DAEF72E78A63C00F39625 /* SetUIKitTests */,
				243DAF012E78A63C00F39625 /* SetUIKitUITests */,
				243DAEDF2E78A63B00F39625 /* Products */,
			);
			sourceTree = "<group>";
		};
		243DAEDF2E78A63B00F39625 /* Products */ = {
			isa = PBXGroup;
			children = (
				243DAEDE2E78A63B00F39625 /* SetUIKit.app */,
				243DAEF42E78A63C00F39625 /* SetUIKitTests.xctest */,
				243DAEFE2E78A63C00F39625 /* SetUIKitUITests.xctest */,
			);
			name = Products;
			sourceTree = "<group>";
		};
/* End PBXGroup section */

/* Begin PBXNativeTarget section */
		243DAEDD2E78A63B00F39625 /* SetUIKit */ = {
			isa = PBXNativeTarget;
			buildConfigurationList = 243DAF072E78A63C00F39625 /* Build configuration list for PBXNativeTarget "SetUIKit" */;
			buildPhases = (
				243DAEDA2E78A63B00F39625 /* Sources */,
				243DAEDB2E78A63B00F39625 /* Frameworks */,
				243DAEDC2E78A63B00F39625 /* Resources */,
			);
			buildRules = (
			);
			dependencies = (
			);
			fileSystemSynchronizedGroups = (
				243DAEE02E78A63B00F39625 /* SetUIKit */,
			);
			name = SetUIKit;
			packageProductDependencies = (
			);
			productName = SetUIKit;
			productReference = 243DAEDE2E78A63B00F39625 /* SetUIKit.app */;
			productType = "com.apple.product-type.application";
		};
		243DAEF32E78A63C00F39625 /* SetUIKitTests */ = {
			isa = PBXNativeTarget;
			buildConfigurationList = 243DAF0C2E78A63C00F39625 /* Build configuration list for PBXNativeTarget "SetUIKitTests" */;
			buildPhases = (
				243DAEF02E78A63C00F39625 /* Sources */,
				243DAEF12E78A63C00F39625 /* Frameworks */,
				243DAEF22E78A63C00F39625 /* Resources */,
			);
			buildRules = (
			);
			dependencies = (
				243DAEF62E78A63C00F39625 /* PBXTargetDependency */,
			);
			fileSystemSynchronizedGroups = (
				243DAEF72E78A63C00F39625 /* SetUIKitTests */,
			);
			name = SetUIKitTests;
			packageProductDependencies = (
			);
			productName = SetUIKitTests;
			productReference = 243DAEF42E78A63C00F39625 /* SetUIKitTests.xctest */;
			productType = "com.apple.product-type.bundle.unit-test";
		};
		243DAEFD2E78A63C00F39625 /* SetUIKitUITests */ = {
			isa = PBXNativeTarget;
			buildConfigurationList = 243DAF0F2E78A63C00F39625 /* Build configuration list for PBXNativeTarget "SetUIKitUITests" */;
			buildPhases = (
				243DAEFA2E78A63C00F39625 /* Sources */,
				243DAEFB2E78A63C00F39625 /* Frameworks */,
				243DAEFC2E78A63C00F39625 /* Resources */,
			);
			buildRules = (
			);
			dependencies = (
				243DAF002E78A63C00F39625 /* PBXTargetDependency */,
			);
			fileSystemSynchronizedGroups = (
				243DAF012E78A63C00F39625 /* SetUIKitUITests */,
			);
			name = SetUIKitUITests;
			packageProductDependencies = (
			);
			productName = SetUIKitUITests;
			productReference = 243DAEFE2E78A63C00F39625 /* SetUIKitUITests.xctest */;
			productType = "com.apple.product-type.bundle.ui-testing";
		};
/* End PBXNativeTarget section */

/* Begin PBXProject section */
		243DAED62E78A63B00F39625 /* Project object */ = {
			isa = PBXProject;
			attributes = {
				BuildIndependentTargetsInParallel = 1;
				LastSwiftUpdateCheck = 1640;
				LastUpgradeCheck = 1640;
				TargetAttributes = {
					243DAEDD2E78A63B00F39625 = {
						CreatedOnToolsVersion = 16.4;
					};
					243DAEF32E78A63C00F39625 = {
						CreatedOnToolsVersion = 16.4;
						TestTargetID = 243DAEDD2E78A63B00F39625;
					};
					243DAEFD2E78A63C00F39625 = {
						CreatedOnToolsVersion = 16.4;
						TestTargetID = 243DAEDD2E78A63B00F39625;
					};
				};
			};
			buildConfigurationList = 243DAED92E78A63B00F39625 /* Build configuration list for PBXProject "SetUIKit" */;
			developmentRegion = en;
			hasScannedForEncodings = 0;
			knownRegions = (
				en,
				Base,
			);
			mainGroup = 243DAED52E78A63B00F39625;
			minimizedProjectReferenceProxies = 1;
			preferredProjectObjectVersion = 77;
			productRefGroup = 243DAEDF2E78A63B00F39625 /* Products */;
			projectDirPath = "";
			projectRoot = "";
			targets = (
				243DAEDD2E78A63B00F39625 /* SetUIKit */,
				243DAEF32E78A63C00F39625 /* SetUIKitTests */,
				243DAEFD2E78A63C00F39625 /* SetUIKitUITests */,
			);
		};
/* End PBXProject section */

/* Begin PBXResourcesBuildPhase section */
		243DAEDC2E78A63B00F39625 /* Resources */ = {
			isa = PBXResourcesBuildPhase;
			buildActionMask = 2147483647;
			files = (
			);
			runOnlyForDeploymentPostprocessing = 0;
		};
		243DAEF22E78A63C00F39625 /* Resources */ = {
			isa = PBXResourcesBuildPhase;
			buildActionMask = 2147483647;
			files = (
			);
			runOnlyForDeploymentPostprocessing = 0;
		};
		243DAEFC2E78A63C00F39625 /* Resources */ = {
			isa = PBXResourcesBuildPhase;
			buildActionMask = 2147483647;
			files = (
			);
			runOnlyForDeploymentPostprocessing = 0;
		};
/* End PBXResourcesBuildPhase section */

/* Begin PBXSourcesBuildPhase section */
		243DAEDA2E78A63B00F39625 /* Sources */ = {
			isa = PBXSourcesBuildPhase;
			buildActionMask = 2147483647;
			files = (
			);
			runOnlyForDeploymentPostprocessing = 0;
		};
		243DAEF02E78A63C00F39625 /* Sources */ = {
			isa = PBXSourcesBuildPhase;
			buildActionMask = 2147483647;
			files = (
			);
			runOnlyForDeploymentPostprocessing = 0;
		};
		243DAEFA2E78A63C00F39625 /* Sources */ = {
			isa = PBXSourcesBuildPhase;
			buildActionMask = 2147483647;
			files = (
			);
			runOnlyForDeploymentPostprocessing = 0;
		};
/* End PBXSourcesBuildPhase section */

/* Begin PBXTargetDependency section */
		243DAEF62E78A63C00F39625 /* PBXTargetDependency */ = {
			isa = PBXTargetDependency;
			target = 243DAEDD2E78A63B00F39625 /* SetUIKit */;
			targetProxy = 243DAEF52E78A63C00F39625 /* PBXContainerItemProxy */;
		};
		243DAF002E78A63C00F39625 /* PBXTargetDependency */ = {
			isa = PBXTargetDependency;
			target = 243DAEDD2E78A63B00F39625 /* SetUIKit */;
			targetProxy = 243DAEFF2E78A63C00F39625 /* PBXContainerItemProxy */;
		};
/* End PBXTargetDependency section */

/* Begin XCBuildConfiguration section */
		243DAF082E78A63C00F39625 /* Debug */ = {
			isa = XCBuildConfiguration;
			buildSettings = {
				ASSETCATALOG_COMPILER_APPICON_NAME = AppIcon;
				ASSETCATALOG_COMPILER_GLOBAL_ACCENT_COLOR_NAME = AccentColor;
				CODE_SIGN_STYLE = Automatic;
				CURRENT_PROJECT_VERSION = 1;
				DEVELOPMENT_TEAM = 896TN3PTD8;
				GENERATE_INFOPLIST_FILE = YES;
				INFOPLIST_FILE = SetUIKit/Info.plist;
				INFOPLIST_KEY_UIApplicationSupportsIndirectInputEvents = YES;
				INFOPLIST_KEY_UILaunchStoryboardName = LaunchScreen;
				INFOPLIST_KEY_UIMainStoryboardFile = Main;
				INFOPLIST_KEY_UISupportedInterfaceOrientations_iPad = "UIInterfaceOrientationPortrait UIInterfaceOrientationPortraitUpsideDown UIInterfaceOrientationLandscapeLeft UIInterfaceOrientationLandscapeRight";
				INFOPLIST_KEY_UISupportedInterfaceOrientations_iPhone = "UIInterfaceOrientationPortrait UIInterfaceOrientationLandscapeLeft UIInterfaceOrientationLandscapeRight";
				LD_RUNPATH_SEARCH_PATHS = (
					"$(inherited)",
					"@executable_path/Frameworks",
				);
				MARKETING_VERSION = 1.0;
				PRODUCT_BUNDLE_IDENTIFIER = co.ravn.SetUIKit;
				PRODUCT_NAME = "$(TARGET_NAME)";
				SWIFT_EMIT_LOC_STRINGS = YES;
				SWIFT_VERSION = 5.0;
				TARGETED_DEVICE_FAMILY = "1,2";
			};
			name = Debug;
		};
		243DAF092E78A63C00F39625 /* Release */ = {
			isa = XCBuildConfiguration;
			buildSettings = {
				ASSETCATALOG_COMPILER_APPICON_NAME = AppIcon;
				ASSETCATALOG_COMPILER_GLOBAL_ACCENT_COLOR_NAME = AccentColor;
				CODE_SIGN_STYLE = Automatic;
				CURRENT_PROJECT_VERSION = 1;
				DEVELOPMENT_TEAM = 896TN3PTD8;
				GENERATE_INFOPLIST_FILE = YES;
				INFOPLIST_FILE = SetUIKit/Info.plist;
				INFOPLIST_KEY_UIApplicationSupportsIndirectInputEvents = YES;
				INFOPLIST_KEY_UILaunchStoryboardName = LaunchScreen;
				INFOPLIST_KEY_UIMainStoryboardFile = Main;
				INFOPLIST_KEY_UISupportedInterfaceOrientations_iPad = "UIInterfaceOrientationPortrait UIInterfaceOrientationPortraitUpsideDown UIInterfaceOrientationLandscapeLeft UIInterfaceOrientationLandscapeRight";
				INFOPLIST_KEY_UISupportedInterfaceOrientations_iPhone = "UIInterfaceOrientationPortrait UIInterfaceOrientationLandscapeLeft UIInterfaceOrientationLandscapeRight";
				LD_RUNPATH_SEARCH_PATHS = (
					"$(inherited)",
					"@executable_path/Frameworks",
				);
				MARKETING_VERSION = 1.0;
				PRODUCT_BUNDLE_IDENTIFIER = co.ravn.SetUIKit;
				PRODUCT_NAME = "$(TARGET_NAME)";
				SWIFT_EMIT_LOC_STRINGS = YES;
				SWIFT_VERSION = 5.0;
				TARGETED_DEVICE_FAMILY = "1,2";
			};
			name = Release;
		};
		243DAF0A2E78A63C00F39625 /* Debug */ = {
			isa = XCBuildConfiguration;
			buildSettings = {
				ALWAYS_SEARCH_USER_PATHS = NO;
				ASSETCATALOG_COMPILER_GENERATE_SWIFT_ASSET_SYMBOL_EXTENSIONS = YES;
				CLANG_ANALYZER_NONNULL = YES;
				CLANG_ANALYZER_NUMBER_OBJECT_CONVERSION = YES_AGGRESSIVE;
				CLANG_CXX_LANGUAGE_STANDARD = "gnu++20";
				CLANG_ENABLE_MODULES = YES;
				CLANG_ENABLE_OBJC_ARC = YES;
				CLANG_ENABLE_OBJC_WEAK = YES;
				CLANG_WARN_BLOCK_CAPTURE_AUTORELEASING = YES;
				CLANG_WARN_BOOL_CONVERSION = YES;
				CLANG_WARN_COMMA = YES;
				CLANG_WARN_CONSTANT_CONVERSION = YES;
				CLANG_WARN_DEPRECATED_OBJC_IMPLEMENTATIONS = YES;
				CLANG_WARN_DIRECT_OBJC_ISA_USAGE = YES_ERROR;
				CLANG_WARN_DOCUMENTATION_COMMENTS = YES;
				CLANG_WARN_EMPTY_BODY = YES;
				CLANG_WARN_ENUM_CONVERSION = YES;
				CLANG_WARN_INFINITE_RECURSION = YES;
				CLANG_WARN_INT_CONVERSION = YES;
				CLANG_WARN_NON_LITERAL_NULL_CONVERSION = YES;
				CLANG_WARN_OBJC_IMPLICIT_RETAIN_SELF = YES;
				CLANG_WARN_OBJC_LITERAL_CONVERSION = YES;
				CLANG_WARN_OBJC_ROOT_CLASS = YES_ERROR;
				CLANG_WARN_QUOTED_INCLUDE_IN_FRAMEWORK_HEADER = YES;
				CLANG_WARN_RANGE_LOOP_ANALYSIS = YES;
				CLANG_WARN_STRICT_PROTOTYPES = YES;
				CLANG_WARN_SUSPICIOUS_MOVE = YES;
				CLANG_WARN_UNGUARDED_AVAILABILITY = YES_AGGRESSIVE;
				CLANG_WARN_UNREACHABLE_CODE = YES;
				CLANG_WARN__DUPLICATE_METHOD_MATCH = YES;
				COPY_PHASE_STRIP = NO;
				DEBUG_INFORMATION_FORMAT = dwarf;
				DEVELOPMENT_TEAM = 896TN3PTD8;
				ENABLE_STRICT_OBJC_MSGSEND = YES;
				ENABLE_TESTABILITY = YES;
				ENABLE_USER_SCRIPT_SANDBOXING = YES;
				GCC_C_LANGUAGE_STANDARD = gnu17;
				GCC_DYNAMIC_NO_PIC = NO;
				GCC_NO_COMMON_BLOCKS = YES;
				GCC_OPTIMIZATION_LEVEL = 0;
				GCC_PREPROCESSOR_DEFINITIONS = (
					"DEBUG=1",
					"$(inherited)",
				);
				GCC_WARN_64_TO_32_BIT_CONVERSION = YES;
				GCC_WARN_ABOUT_RETURN_TYPE = YES_ERROR;
				GCC_WARN_UNDECLARED_SELECTOR = YES;
				GCC_WARN_UNINITIALIZED_AUTOS = YES_AGGRESSIVE;
				GCC_WARN_UNUSED_FUNCTION = YES;
				GCC_WARN_UNUSED_VARIABLE = YES;
				IPHONEOS_DEPLOYMENT_TARGET = 18.5;
				LOCALIZATION_PREFERS_STRING_CATALOGS = YES;
				MTL_ENABLE_DEBUG_INFO = INCLUDE_SOURCE;
				MTL_FAST_MATH = YES;
				ONLY_ACTIVE_ARCH = YES;
				SDKROOT = iphoneos;
				SWIFT_ACTIVE_COMPILATION_CONDITIONS = "DEBUG $(inherited)";
				SWIFT_OPTIMIZATION_LEVEL = "-Onone";
			};
			name = Debug;
		};
		243DAF0B2E78A63C00F39625 /* Release */ = {
			isa = XCBuildConfiguration;
			buildSettings = {
				ALWAYS_SEARCH_USER_PATHS = NO;
				ASSETCATALOG_COMPILER_GENERATE_SWIFT_ASSET_SYMBOL_EXTENSIONS = YES;
				CLANG_ANALYZER_NONNULL = YES;
				CLANG_ANALYZER_NUMBER_OBJECT_CONVERSION = YES_AGGRESSIVE;
				CLANG_CXX_LANGUAGE_STANDARD = "gnu++20";
				CLANG_ENABLE_MODULES = YES;
				CLANG_ENABLE_OBJC_ARC = YES;
				CLANG_ENABLE_OBJC_WEAK = YES;
				CLANG_WARN_BLOCK_CAPTURE_AUTORELEASING = YES;
				CLANG_WARN_BOOL_CONVERSION = YES;
				CLANG_WARN_COMMA = YES;
				CLANG_WARN_CONSTANT_CONVERSION = YES;
				CLANG_WARN_DEPRECATED_OBJC_IMPLEMENTATIONS = YES;
				CLANG_WARN_DIRECT_OBJC_ISA_USAGE = YES_ERROR;
				CLANG_WARN_DOCUMENTATION_COMMENTS = YES;
				CLANG_WARN_EMPTY_BODY = YES;
				CLANG_WARN_ENUM_CONVERSION = YES;
				CLANG_WARN_INFINITE_RECURSION = YES;
				CLANG_WARN_INT_CONVERSION = YES;
				CLANG_WARN_NON_LITERAL_NULL_CONVERSION = YES;
				CLANG_WARN_OBJC_IMPLICIT_RETAIN_SELF = YES;
				CLANG_WARN_OBJC_LITERAL_CONVERSION = YES;
				CLANG_WARN_OBJC_ROOT_CLASS = YES_ERROR;
				CLANG_WARN_QUOTED_INCLUDE_IN_FRAMEWORK_HEADER = YES;
				CLANG_WARN_RANGE_LOOP_ANALYSIS = YES;
				CLANG_WARN_STRICT_PROTOTYPES = YES;
				CLANG_WARN_SUSPICIOUS_MOVE = YES;
				CLANG_WARN_UNGUARDED_AVAILABILITY = YES_AGGRESSIVE;
				CLANG_WARN_UNREACHABLE_CODE = YES;
				CLANG_WARN__DUPLICATE_METHOD_MATCH = YES;
				COPY_PHASE_STRIP = NO;
				DEBUG_INFORMATION_FORMAT = "dwarf-with-dsym";
				DEVELOPMENT_TEAM = 896TN3PTD8;
				ENABLE_NS_ASSERTIONS = NO;
				ENABLE_STRICT_OBJC_MSGSEND = YES;
				ENABLE_USER_SCRIPT_SANDBOXING = YES;
				GCC_C_LANGUAGE_STANDARD = gnu17;
				GCC_NO_COMMON_BLOCKS = YES;
				GCC_WARN_64_TO_32_BIT_CONVERSION = YES;
				GCC_WARN_ABOUT_RETURN_TYPE = YES_ERROR;
				GCC_WARN_UNDECLARED_SELECTOR = YES;
				GCC_WARN_UNINITIALIZED_AUTOS = YES_AGGRESSIVE;
				GCC_WARN_UNUSED_FUNCTION = YES;
				GCC_WARN_UNUSED_VARIABLE = YES;
				IPHONEOS_DEPLOYMENT_TARGET = 18.5;
				LOCALIZATION_PREFERS_STRING_CATALOGS = YES;
				MTL_ENABLE_DEBUG_INFO = NO;
				MTL_FAST_MATH = YES;
				SDKROOT = iphoneos;
				SWIFT_COMPILATION_MODE = wholemodule;
				VALIDATE_PRODUCT = YES;
			};
			name = Release;
		};
		243DAF0D2E78A63C00F39625 /* Debug */ = {
			isa = XCBuildConfiguration;
			buildSettings = {
				BUNDLE_LOADER = "$(TEST_HOST)";
				CODE_SIGN_STYLE = Automatic;
				CURRENT_PROJECT_VERSION = 1;
				DEVELOPMENT_TEAM = 896TN3PTD8;
				GENERATE_INFOPLIST_FILE = YES;
				IPHONEOS_DEPLOYMENT_TARGET = 18.5;
				MARKETING_VERSION = 1.0;
				PRODUCT_BUNDLE_IDENTIFIER = co.ravn.SetUIKitTests;
				PRODUCT_NAME = "$(TARGET_NAME)";
				SWIFT_EMIT_LOC_STRINGS = NO;
				SWIFT_VERSION = 5.0;
				TARGETED_DEVICE_FAMILY = "1,2";
				TEST_HOST = "$(BUILT_PRODUCTS_DIR)/SetUIKit.app/$(BUNDLE_EXECUTABLE_FOLDER_PATH)/SetUIKit";
			};
			name = Debug;
		};
		243DAF0E2E78A63C00F39625 /* Release */ = {
			isa = XCBuildConfiguration;
			buildSettings = {
				BUNDLE_LOADER = "$(TEST_HOST)";
				CODE_SIGN_STYLE = Automatic;
				CURRENT_PROJECT_VERSION = 1;
				DEVELOPMENT_TEAM = 896TN3PTD8;
				GENERATE_INFOPLIST_FILE = YES;
				IPHONEOS_DEPLOYMENT_TARGET = 18.5;
				MARKETING_VERSION = 1.0;
				PRODUCT_BUNDLE_IDENTIFIER = co.ravn.SetUIKitTests;
				PRODUCT_NAME = "$(TARGET_NAME)";
				SWIFT_EMIT_LOC_STRINGS = NO;
				SWIFT_VERSION = 5.0;
				TARGETED_DEVICE_FAMILY = "1,2";
				TEST_HOST = "$(BUILT_PRODUCTS_DIR)/SetUIKit.app/$(BUNDLE_EXECUTABLE_FOLDER_PATH)/SetUIKit";
			};
			name = Release;
		};
		243DAF102E78A63C00F39625 /* Debug */ = {
			isa = XCBuildConfiguration;
			buildSettings = {
				CODE_SIGN_STYLE = Automatic;
				CURRENT_PROJECT_VERSION = 1;
				DEVELOPMENT_TEAM = 896TN3PTD8;
				GENERATE_INFOPLIST_FILE = YES;
				MARKETING_VERSION = 1.0;
				PRODUCT_BUNDLE_IDENTIFIER = co.ravn.SetUIKitUITests;
				PRODUCT_NAME = "$(TARGET_NAME)";
				SWIFT_EMIT_LOC_STRINGS = NO;
				SWIFT_VERSION = 5.0;
				TARGETED_DEVICE_FAMILY = "1,2";
				TEST_TARGET_NAME = SetUIKit;
			};
			name = Debug;
		};
		243DAF112E78A63C00F39625 /* Release */ = {
			isa = XCBuildConfiguration;
			buildSettings = {
				CODE_SIGN_STYLE = Automatic;
				CURRENT_PROJECT_VERSION = 1;
				DEVELOPMENT_TEAM = 896TN3PTD8;
				GENERATE_INFOPLIST_FILE = YES;
				MARKETING_VERSION = 1.0;
				PRODUCT_BUNDLE_IDENTIFIER = co.ravn.SetUIKitUITests;
				PRODUCT_NAME = "$(TARGET_NAME)";
				SWIFT_EMIT_LOC_STRINGS = NO;
				SWIFT_VERSION = 5.0;
				TARGETED_DEVICE_FAMILY = "1,2";
				TEST_TARGET_NAME = SetUIKit;
			};
			name = Release;
		};
/* End XCBuildConfiguration section */

/* Begin XCConfigurationList section */
		243DAED92E78A63B00F39625 /* Build configuration list for PBXProject "SetUIKit" */ = {
			isa = XCConfigurationList;
			buildConfigurations = (
				243DAF0A2E78A63C00F39625 /* Debug */,
				243DAF0B2E78A63C00F39625 /* Release */,
			);
			defaultConfigurationIsVisible = 0;
			defaultConfigurationName = Release;
		};
		243DAF072E78A63C00F39625 /* Build configuration list for PBXNativeTarget "SetUIKit" */ = {
			isa = XCConfigurationList;
			buildConfigurations = (
				243DAF082E78A63C00F39625 /* Debug */,
				243DAF092E78A63C00F39625 /* Release */,
			);
			defaultConfigurationIsVisible = 0;
			defaultConfigurationName = Release;
		};
		243DAF0C2E78A63C00F39625 /* Build configuration list for PBXNativeTarget "SetUIKitTests" */ = {
			isa = XCConfigurationList;
			buildConfigurations = (
				243DAF0D2E78A63C00F39625 /* Debug */,
				243DAF0E2E78A63C00F39625 /* Release */,
			);
			defaultConfigurationIsVisible = 0;
			defaultConfigurationName = Release;
		};
		243DAF0F2E78A63C00F39625 /* Build configuration list for PBXNativeTarget "SetUIKitUITests" */ = {
			isa = XCConfigurationList;
			buildConfigurations = (
				243DAF102E78A63C00F39625 /* Debug */,
				243DAF112E78A63C00F39625 /* Release */,
			);
			defaultConfigurationIsVisible = 0;
			defaultConfigurationName = Release;
		};
/* End XCConfigurationList section */
	};
	rootObject = 243DAED62E78A63B00F39625 /* Project object */;
}
